
Microsoft Visual Studio Solution File, Format Version 12.00
# Visual Studio 15
VisualStudioVersion = 15.0.28307.705
MinimumVisualStudioVersion = 10.0.40219.1
Project("{FAE04EC0-301F-11D3-BF4B-00C04F79EFBC}") = "RegistrationDemo", "RegistrationDemo\RegistrationDemo.csproj", "{782C008E-CF85-4AF2-919C-F0B0D246BE95}"
EndProject
Global
	GlobalSection(SolutionConfigurationPlatforms) = preSolution
		Debug|Any CPU = Debug|Any CPU
		Release|Any CPU = Release|Any CPU
	EndGlobalSection
	GlobalSection(ProjectConfigurationPlatforms) = postSolution
		{782C008E-CF85-4AF2-919C-F0B0D246BE95}.Debug|Any CPU.ActiveCfg = Debug|Any CPU
		{782C008E-CF85-4AF2-919C-F0B0D246BE95}.Debug|Any CPU.Build.0 = Debug|Any CPU
		{782C008E-CF85-4AF2-919C-F0B0D246BE95}.Release|Any CPU.ActiveCfg = Release|Any CPU
		{782C008E-CF85-4AF2-919C-F0B0D246BE95}.Release|Any CPU.Build.0 = Release|Any CPU
	EndGlobalSection
	GlobalSection(SolutionProperties) = preSolution
		HideSolutionNode = FALSE
	EndGlobalSection
	GlobalSection(ExtensibilityGlobals) = postSolution
		SolutionGuid = {5E20ECEF-D78B-4CF5-983E-DA06A6833D06}
	EndGlobalSection
EndGlobal
